
Microsoft Visual Studio Solution File, Format Version 12.00
# Visual Studio Version 16
VisualStudioVersion = 16.0.32106.194
MinimumVisualStudioVersion = 10.0.40219.1
Project("{9A19103F-16F7-4668-BE54-9A1E7A4F7556}") = "LoginChecks", "LoginChecks.csproj", "{6446EFBC-E385-43A2-9D6B-1D81792BA1EF}"
EndProject
Global
	GlobalSection(SolutionConfigurationPlatforms) = preSolution
		Debug|Any CPU = Debug|Any CPU
		Release|Any CPU = Release|Any CPU
	EndGlobalSection
	GlobalSection(ProjectConfigurationPlatforms) = postSolution
		{6446EFBC-E385-43A2-9D6B-1D81792BA1EF}.Debug|Any CPU.ActiveCfg = Debug|Any CPU
		{6446EFBC-E385-43A2-9D6B-1D81792BA1EF}.Debug|Any CPU.Build.0 = Debug|Any CPU
		{6446EFBC-E385-43A2-9D6B-1D81792BA1EF}.Release|Any CPU.ActiveCfg = Release|Any CPU
		{6446EFBC-E385-43A2-9D6B-1D81792BA1EF}.Release|Any CPU.Build.0 = Release|Any CPU
	EndGlobalSection
	GlobalSection(SolutionProperties) = preSolution
		HideSolutionNode = FALSE
	EndGlobalSection
	GlobalSection(ExtensibilityGlobals) = postSolution
		SolutionGuid = {F605635B-9378-4DD6-9270-1BDFA60F44CF}
	EndGlobalSection
EndGlobal
